
Microsoft Visual Studio Solution File, Format Version 12.00
# Visual Studio 2012
Project("{FAE04EC0-301F-11D3-BF4B-00C04F79EFBC}") = "ServiceManager", "ServiceManager\ServiceManager.csproj", "{073DE88B-78F2-44E2-B2FE-55CB20A4FAE5}"
EndProject
Project("{FAE04EC0-301F-11D3-BF4B-00C04F79EFBC}") = "ServiceBroker", "ServiceBroker\ServiceBroker.csproj", "{EB7FD613-1F2C-4955-81CD-8DEBAE6DE19E}"
EndProject
Global
	GlobalSection(SolutionConfigurationPlatforms) = preSolution
		Debug|Any CPU = Debug|Any CPU
		Release|Any CPU = Release|Any CPU
	EndGlobalSection
	GlobalSection(ProjectConfigurationPlatforms) = postSolution
		{073DE88B-78F2-44E2-B2FE-55CB20A4FAE5}.Debug|Any CPU.ActiveCfg = Debug|Any CPU
		{073DE88B-78F2-44E2-B2FE-55CB20A4FAE5}.Debug|Any CPU.Build.0 = Debug|Any CPU
		{073DE88B-78F2-44E2-B2FE-55CB20A4FAE5}.Release|Any CPU.ActiveCfg = Release|Any CPU
		{073DE88B-78F2-44E2-B2FE-55CB20A4FAE5}.Release|Any CPU.Build.0 = Release|Any CPU
		{EB7FD613-1F2C-4955-81CD-8DEBAE6DE19E}.Debug|Any CPU.ActiveCfg = Debug|Any CPU
		{EB7FD613-1F2C-4955-81CD-8DEBAE6DE19E}.Debug|Any CPU.Build.0 = Debug|Any CPU
		{EB7FD613-1F2C-4955-81CD-8DEBAE6DE19E}.Release|Any CPU.ActiveCfg = Release|Any CPU
		{EB7FD613-1F2C-4955-81CD-8DEBAE6DE19E}.Release|Any CPU.Build.0 = Release|Any CPU
	EndGlobalSection
	GlobalSection(SolutionProperties) = preSolution
		HideSolutionNode = FALSE
	EndGlobalSection
EndGlobal
