
Microsoft Visual Studio Solution File, Format Version 12.00
# Visual Studio 2013
VisualStudioVersion = 12.0.31101.0
MinimumVisualStudioVersion = 10.0.40219.1
Project("{FAE04EC0-301F-11D3-BF4B-00C04F79EFBC}") = "ServiceManager", "ServiceManager\ServiceManager.csproj", "{073DE88B-78F2-44E2-B2FE-55CB20A4FAE5}"
EndProject
Project("{FAE04EC0-301F-11D3-BF4B-00C04F79EFBC}") = "Simpleton", "Examples\Simpleton\Simpleton.csproj", "{8A293E25-2B88-49C8-8A24-DE7A8986A870}"
EndProject
Project("{2150E333-8FDC-42A3-9474-1A3956D46DE8}") = "Examples", "Examples", "{1CD65F4F-73D9-48FD-A158-4368D4C9DF09}"
EndProject
Project("{2150E333-8FDC-42A3-9474-1A3956D46DE8}") = "Solution Items", "Solution Items", "{AC8DE535-F394-4A3D-B352-904AAF391BB9}"
	ProjectSection(SolutionItems) = preProject
		README.md = README.md
	EndProjectSection
EndProject
Project("{FAE04EC0-301F-11D3-BF4B-00C04F79EFBC}") = "ServiceManager.ServiceSupport", "ServiceManager.ServiceSupport\ServiceManager.ServiceSupport.csproj", "{DFA227FF-FDDC-46A2-A223-0D0D0530B119}"
EndProject
Project("{2150E333-8FDC-42A3-9474-1A3956D46DE8}") = "Tests", "Tests", "{03BC28FE-C3CE-4508-82ED-C7C17DE0C8A0}"
EndProject
Project("{FAE04EC0-301F-11D3-BF4B-00C04F79EFBC}") = "ServiceManager.ServiceSupport.Tests", "Tests\ServiceManager.ServiceSupport.Tests\ServiceManager.ServiceSupport.Tests.csproj", "{858F9C36-67D3-49F3-A646-CFD3FB62A30D}"
EndProject
Project("{FAE04EC0-301F-11D3-BF4B-00C04F79EFBC}") = "SimpletonWithContext", "Examples\SimpletonWithContext\SimpletonWithContext.csproj", "{46FBD451-6D7F-414D-8623-292479B2FC87}"
EndProject
Project("{F2A71F9B-5D33-465A-A702-920D77279786}") = "FsSimpleton", "FsSimpleton\FsSimpleton.fsproj", "{E4080124-E305-41F4-A230-8D5D5B0A1AA8}"
EndProject
Project("{FAE04EC0-301F-11D3-BF4B-00C04F79EFBC}") = "DatabasePoller", "Examples\DatabasePoller\DatabasePoller.csproj", "{4FCB4830-AE6A-4DE3-816E-1A7D62A2F0D9}"
EndProject
Global
	GlobalSection(SolutionConfigurationPlatforms) = preSolution
		Debug|Any CPU = Debug|Any CPU
		Release|Any CPU = Release|Any CPU
	EndGlobalSection
	GlobalSection(ProjectConfigurationPlatforms) = postSolution
		{073DE88B-78F2-44E2-B2FE-55CB20A4FAE5}.Debug|Any CPU.ActiveCfg = Debug|Any CPU
		{073DE88B-78F2-44E2-B2FE-55CB20A4FAE5}.Debug|Any CPU.Build.0 = Debug|Any CPU
		{073DE88B-78F2-44E2-B2FE-55CB20A4FAE5}.Release|Any CPU.ActiveCfg = Release|Any CPU
		{073DE88B-78F2-44E2-B2FE-55CB20A4FAE5}.Release|Any CPU.Build.0 = Release|Any CPU
		{8A293E25-2B88-49C8-8A24-DE7A8986A870}.Debug|Any CPU.ActiveCfg = Debug|Any CPU
		{8A293E25-2B88-49C8-8A24-DE7A8986A870}.Debug|Any CPU.Build.0 = Debug|Any CPU
		{8A293E25-2B88-49C8-8A24-DE7A8986A870}.Release|Any CPU.ActiveCfg = Release|Any CPU
		{8A293E25-2B88-49C8-8A24-DE7A8986A870}.Release|Any CPU.Build.0 = Release|Any CPU
		{DFA227FF-FDDC-46A2-A223-0D0D0530B119}.Debug|Any CPU.ActiveCfg = Debug|Any CPU
		{DFA227FF-FDDC-46A2-A223-0D0D0530B119}.Debug|Any CPU.Build.0 = Debug|Any CPU
		{DFA227FF-FDDC-46A2-A223-0D0D0530B119}.Release|Any CPU.ActiveCfg = Release|Any CPU
		{DFA227FF-FDDC-46A2-A223-0D0D0530B119}.Release|Any CPU.Build.0 = Release|Any CPU
		{858F9C36-67D3-49F3-A646-CFD3FB62A30D}.Debug|Any CPU.ActiveCfg = Debug|Any CPU
		{858F9C36-67D3-49F3-A646-CFD3FB62A30D}.Debug|Any CPU.Build.0 = Debug|Any CPU
		{858F9C36-67D3-49F3-A646-CFD3FB62A30D}.Release|Any CPU.ActiveCfg = Release|Any CPU
		{858F9C36-67D3-49F3-A646-CFD3FB62A30D}.Release|Any CPU.Build.0 = Release|Any CPU
		{46FBD451-6D7F-414D-8623-292479B2FC87}.Debug|Any CPU.ActiveCfg = Debug|Any CPU
		{46FBD451-6D7F-414D-8623-292479B2FC87}.Debug|Any CPU.Build.0 = Debug|Any CPU
		{46FBD451-6D7F-414D-8623-292479B2FC87}.Release|Any CPU.ActiveCfg = Release|Any CPU
		{46FBD451-6D7F-414D-8623-292479B2FC87}.Release|Any CPU.Build.0 = Release|Any CPU
		{E4080124-E305-41F4-A230-8D5D5B0A1AA8}.Debug|Any CPU.ActiveCfg = Debug|Any CPU
		{E4080124-E305-41F4-A230-8D5D5B0A1AA8}.Debug|Any CPU.Build.0 = Debug|Any CPU
		{E4080124-E305-41F4-A230-8D5D5B0A1AA8}.Release|Any CPU.ActiveCfg = Release|Any CPU
		{E4080124-E305-41F4-A230-8D5D5B0A1AA8}.Release|Any CPU.Build.0 = Release|Any CPU
		{4FCB4830-AE6A-4DE3-816E-1A7D62A2F0D9}.Debug|Any CPU.ActiveCfg = Debug|Any CPU
		{4FCB4830-AE6A-4DE3-816E-1A7D62A2F0D9}.Debug|Any CPU.Build.0 = Debug|Any CPU
		{4FCB4830-AE6A-4DE3-816E-1A7D62A2F0D9}.Release|Any CPU.ActiveCfg = Release|Any CPU
		{4FCB4830-AE6A-4DE3-816E-1A7D62A2F0D9}.Release|Any CPU.Build.0 = Release|Any CPU
	EndGlobalSection
	GlobalSection(SolutionProperties) = preSolution
		HideSolutionNode = FALSE
	EndGlobalSection
	GlobalSection(NestedProjects) = preSolution
		{8A293E25-2B88-49C8-8A24-DE7A8986A870} = {1CD65F4F-73D9-48FD-A158-4368D4C9DF09}
		{858F9C36-67D3-49F3-A646-CFD3FB62A30D} = {03BC28FE-C3CE-4508-82ED-C7C17DE0C8A0}
		{46FBD451-6D7F-414D-8623-292479B2FC87} = {1CD65F4F-73D9-48FD-A158-4368D4C9DF09}
		{E4080124-E305-41F4-A230-8D5D5B0A1AA8} = {1CD65F4F-73D9-48FD-A158-4368D4C9DF09}
		{4FCB4830-AE6A-4DE3-816E-1A7D62A2F0D9} = {1CD65F4F-73D9-48FD-A158-4368D4C9DF09}
	EndGlobalSection
EndGlobal
